
Microsoft Visual Studio Solution File, Format Version 12.00
# Visual Studio Version 17
VisualStudioVersion = 17.3.32901.215
MinimumVisualStudioVersion = 10.0.40219.1
Project("{FAE04EC0-301F-11D3-BF4B-00C04F79EFBC}") = "eTicketsMVC5", "eTicketsMVC5.csproj", "{B94961AA-1505-413F-889E-5D4F3EA61623}"
EndProject
Global
	GlobalSection(SolutionConfigurationPlatforms) = preSolution
		Debug|Any CPU = Debug|Any CPU
		Release|Any CPU = Release|Any CPU
	EndGlobalSection
	GlobalSection(ProjectConfigurationPlatforms) = postSolution
		{B94961AA-1505-413F-889E-5D4F3EA61623}.Debug|Any CPU.ActiveCfg = Debug|Any CPU
		{B94961AA-1505-413F-889E-5D4F3EA61623}.Debug|Any CPU.Build.0 = Debug|Any CPU
		{B94961AA-1505-413F-889E-5D4F3EA61623}.Release|Any CPU.ActiveCfg = Release|Any CPU
		{B94961AA-1505-413F-889E-5D4F3EA61623}.Release|Any CPU.Build.0 = Release|Any CPU
	EndGlobalSection
	GlobalSection(SolutionProperties) = preSolution
		HideSolutionNode = FALSE
	EndGlobalSection
	GlobalSection(ExtensibilityGlobals) = postSolution
		SolutionGuid = {CB7DB181-19FA-40FA-8E38-4DA292C9C89A}
	EndGlobalSection
EndGlobal
